Microsoft Visual Studio Solution File, Format Version 12.00
# Visual Studio Version 17
VisualStudioVersion = 17.5.2.0
MinimumVisualStudioVersion = 10.0.40219.1
Project("{FAE04EC0-301F-11D3-BF4B-00C04F79EFBC}") = "OlaMundo", "OlaMundo.csproj", "{91B89A73-1E29-B498-05A7-554B38164CB5}"
EndProject
Global
	GlobalSection(SolutionConfigurationPlatforms) = preSolution
		Debug|Any CPU = Debug|Any CPU
		Release|Any CPU = Release|Any CPU
	EndGlobalSection
	GlobalSection(ProjectConfigurationPlatforms) = postSolution
		{91B89A73-1E29-B498-05A7-554B38164CB5}.Debug|Any CPU.ActiveCfg = Debug|Any CPU
		{91B89A73-1E29-B498-05A7-554B38164CB5}.Debug|Any CPU.Build.0 = Debug|Any CPU
		{91B89A73-1E29-B498-05A7-554B38164CB5}.Release|Any CPU.ActiveCfg = Release|Any CPU
		{91B89A73-1E29-B498-05A7-554B38164CB5}.Release|Any CPU.Build.0 = Release|Any CPU
	EndGlobalSection
	GlobalSection(SolutionProperties) = preSolution
		HideSolutionNode = FALSE
	EndGlobalSection
	GlobalSection(ExtensibilityGlobals) = postSolution
		SolutionGuid = {BDE12334-E803-4205-9678-14E2BB5A0A92}
	EndGlobalSection
EndGlobal
